
Microsoft Visual Studio Solution File, Format Version 12.00
# Visual Studio Version 16
VisualStudioVersion = 16.0.29509.3
MinimumVisualStudioVersion = 10.0.40219.1
Project("{FAE04EC0-301F-11D3-BF4B-00C04F79EFBC}") = "Esport", "Esport\Esport.csproj", "{00B247A4-4D2D-462C-B705-92707AA734FB}"
EndProject
Global
	GlobalSection(SolutionConfigurationPlatforms) = preSolution
		Debug|Any CPU = Debug|Any CPU
		Release|Any CPU = Release|Any CPU
	EndGlobalSection
	GlobalSection(ProjectConfigurationPlatforms) = postSolution
		{00B247A4-4D2D-462C-B705-92707AA734FB}.Debug|Any CPU.ActiveCfg = Debug|Any CPU
		{00B247A4-4D2D-462C-B705-92707AA734FB}.Debug|Any CPU.Build.0 = Debug|Any CPU
		{00B247A4-4D2D-462C-B705-92707AA734FB}.Release|Any CPU.ActiveCfg = Release|Any CPU
		{00B247A4-4D2D-462C-B705-92707AA734FB}.Release|Any CPU.Build.0 = Release|Any CPU
	EndGlobalSection
	GlobalSection(SolutionProperties) = preSolution
		HideSolutionNode = FALSE
	EndGlobalSection
	GlobalSection(ExtensibilityGlobals) = postSolution
		SolutionGuid = {B1FA5C9B-CB39-4AF5-A9EB-E4C313235B44}
	EndGlobalSection
EndGlobal
